// !$*UTF8*$!
{
	archiveVersion = 1;
	classes = {
	};
	objectVersion = 56;
	objects = {

/* Begin PBXBuildFile section */
		9A8CE74C2A582697001B1228 /* main.swift in Sources */ = {isa = PBXBuildFile; fileRef = 9A8CE74B2A582697001B1228 /* main.swift */; };
		9A8CE7562A5826D2001B1228 /* DIContainer.swift in Sources */ = {isa = PBXBuildFile; fileRef = 9A8CE7552A5826D2001B1228 /* DIContainer.swift */; };
		9A8CE7582A5826E6001B1228 /* ConsoleApplication.swift in Sources */ = {isa = PBXBuildFile; fileRef = 9A8CE7572A5826E6001B1228 /* ConsoleApplication.swift */; };
		9A8CE75A2A582712001B1228 /* ConsoleInputHandler.swift in Sources */ = {isa = PBXBuildFile; fileRef = 9A8CE7592A582712001B1228 /* ConsoleInputHandler.swift */; };
		9A8CE75C2A58271E001B1228 /* ConsoleLogger.swift in Sources */ = {isa = PBXBuildFile; fileRef = 9A8CE75B2A58271E001B1228 /* ConsoleLogger.swift */; };
		9A8CE75E2A582734001B1228 /* InMemoryTaskManager.swift in Sources */ = {isa = PBXBuildFile; fileRef = 9A8CE75D2A582734001B1228 /* InMemoryTaskManager.swift */; };
		9A8CE7602A582760001B1228 /* TaskManager.swift in Sources */ = {isa = PBXBuildFile; fileRef = 9A8CE75F2A582760001B1228 /* TaskManager.swift */; };
		9A8CE7622A58276D001B1228 /* Application.swift in Sources */ = {isa = PBXBuildFile; fileRef = 9A8CE7612A58276D001B1228 /* Application.swift */; };
		9A8CE7642A582779001B1228 /* Logger.swift in Sources */ = {isa = PBXBuildFile; fileRef = 9A8CE7632A582779001B1228 /* Logger.swift */; };
		9A8CE7662A582785001B1228 /* InputHandler.swift in Sources */ = {isa = PBXBuildFile; fileRef = 9A8CE7652A582785001B1228 /* InputHandler.swift */; };
/* End PBXBuildFile section */

/* Begin PBXCopyFilesBuildPhase section */
		9A8CE7462A582697001B1228 /* CopyFiles */ = {
			isa = PBXCopyFilesBuildPhase;
			buildActionMask = 2147483647;
			dstPath = /usr/share/man/man1/;
			dstSubfolderSpec = 0;
			files = (
			);
			runOnlyForDeploymentPostprocessing = 1;
		};
/* End PBXCopyFilesBuildPhase section */

/* Begin PBXFileReference section */
		9A8CE7482A582697001B1228 /* 6homework6m */ = {isa = PBXFileReference; explicitFileType = "compiled.mach-o.executable"; includeInIndex = 0; path = 6homework6m; sourceTree = BUILT_PRODUCTS_DIR; };
		9A8CE74B2A582697001B1228 /* main.swift */ = {isa = PBXFileReference; lastKnownFileType = sourcecode.swift; path = main.swift; sourceTree = "<group>"; };
		9A8CE7552A5826D2001B1228 /* DIContainer.swift */ = {isa = PBXFileReference; lastKnownFileType = sourcecode.swift; path = DIContainer.swift; sourceTree = "<group>"; };
		9A8CE7572A5826E6001B1228 /* ConsoleApplication.swift */ = {isa = PBXFileReference; lastKnownFileType = sourcecode.swift; path = ConsoleApplication.swift; sourceTree = "<group>"; };
		9A8CE7592A582712001B1228 /* ConsoleInputHandler.swift */ = {isa = PBXFileReference; lastKnownFileType = sourcecode.swift; path = ConsoleInputHandler.swift; sourceTree = "<group>"; };
		9A8CE75B2A58271E001B1228 /* ConsoleLogger.swift */ = {isa = PBXFileReference; lastKnownFileType = sourcecode.swift; path = ConsoleLogger.swift; sourceTree = "<group>"; };
		9A8CE75D2A582734001B1228 /* InMemoryTaskManager.swift */ = {isa = PBXFileReference; lastKnownFileType = sourcecode.swift; path = InMemoryTaskManager.swift; sourceTree = "<group>"; };
		9A8CE75F2A582760001B1228 /* TaskManager.swift */ = {isa = PBXFileReference; lastKnownFileType = sourcecode.swift; path = TaskManager.swift; sourceTree = "<group>"; };
		9A8CE7612A58276D001B1228 /* Application.swift */ = {isa = PBXFileReference; lastKnownFileType = sourcecode.swift; path = Application.swift; sourceTree = "<group>"; };
		9A8CE7632A582779001B1228 /* Logger.swift */ = {isa = PBXFileReference; lastKnownFileType = sourcecode.swift; path = Logger.swift; sourceTree = "<group>"; };
		9A8CE7652A582785001B1228 /* InputHandler.swift */ = {isa = PBXFileReference; lastKnownFileType = sourcecode.swift; path = InputHandler.swift; sourceTree = "<group>"; };
/* End PBXFileReference section */

/* Begin PBXFrameworksBuildPhase section */
		9A8CE7452A582697001B1228 /* Frameworks */ = {
			isa = PBXFrameworksBuildPhase;
			buildActionMask = 2147483647;
			files = (
			);
			runOnlyForDeploymentPostprocessing = 0;
		};
/* End PBXFrameworksBuildPhase section */

/* Begin PBXGroup section */
		9A8CE73F2A582697001B1228 = {
			isa = PBXGroup;
			children = (
				9A8CE74A2A582697001B1228 /* 6homework6m */,
				9A8CE7492A582697001B1228 /* Products */,
			);
			sourceTree = "<group>";
		};
		9A8CE7492A582697001B1228 /* Products */ = {
			isa = PBXGroup;
			children = (
				9A8CE7482A582697001B1228 /* 6homework6m */,
			);
			name = Products;
			sourceTree = "<group>";
		};
		9A8CE74A2A582697001B1228 /* 6homework6m */ = {
			isa = PBXGroup;
			children = (
				9A8CE7542A5826BB001B1228 /* Protocols */,
				9A8CE7532A5826B5001B1228 /* Classes */,
				9A8CE7522A5826AD001B1228 /* DI */,
				9A8CE74B2A582697001B1228 /* main.swift */,
			);
			path = 6homework6m;
			sourceTree = "<group>";
		};
		9A8CE7522A5826AD001B1228 /* DI */ = {
			isa = PBXGroup;
			children = (
				9A8CE7552A5826D2001B1228 /* DIContainer.swift */,
			);
			path = DI;
			sourceTree = "<group>";
		};
		9A8CE7532A5826B5001B1228 /* Classes */ = {
			isa = PBXGroup;
			children = (
				9A8CE7572A5826E6001B1228 /* ConsoleApplication.swift */,
				9A8CE7592A582712001B1228 /* ConsoleInputHandler.swift */,
				9A8CE75B2A58271E001B1228 /* ConsoleLogger.swift */,
				9A8CE75D2A582734001B1228 /* InMemoryTaskManager.swift */,
			);
			path = Classes;
			sourceTree = "<group>";
		};
		9A8CE7542A5826BB001B1228 /* Protocols */ = {
			isa = PBXGroup;
			children = (
				9A8CE75F2A582760001B1228 /* TaskManager.swift */,
				9A8CE7612A58276D001B1228 /* Application.swift */,
				9A8CE7632A582779001B1228 /* Logger.swift */,
				9A8CE7652A582785001B1228 /* InputHandler.swift */,
			);
			path = Protocols;
			sourceTree = "<group>";
		};
/* End PBXGroup section */

/* Begin PBXNativeTarget section */
		9A8CE7472A582697001B1228 /* 6homework6m */ = {
			isa = PBXNativeTarget;
			buildConfigurationList = 9A8CE74F2A582697001B1228 /* Build configuration list for PBXNativeTarget "6homework6m" */;
			buildPhases = (
				9A8CE7442A582697001B1228 /* Sources */,
				9A8CE7452A582697001B1228 /* Frameworks */,
				9A8CE7462A582697001B1228 /* CopyFiles */,
			);
			buildRules = (
			);
			dependencies = (
			);
			name = 6homework6m;
			productName = 6homework6m;
			productReference = 9A8CE7482A582697001B1228 /* 6homework6m */;
			productType = "com.apple.product-type.tool";
		};
/* End PBXNativeTarget section */

/* Begin PBXProject section */
		9A8CE7402A582697001B1228 /* Project object */ = {
			isa = PBXProject;
			attributes = {
				BuildIndependentTargetsInParallel = 1;
				LastSwiftUpdateCheck = 1430;
				LastUpgradeCheck = 1430;
				TargetAttributes = {
					9A8CE7472A582697001B1228 = {
						CreatedOnToolsVersion = 14.3.1;
					};
				};
			};
			buildConfigurationList = 9A8CE7432A582697001B1228 /* Build configuration list for PBXProject "6homework6m" */;
			compatibilityVersion = "Xcode 14.0";
			developmentRegion = en;
			hasScannedForEncodings = 0;
			knownRegions = (
				en,
				Base,
			);
			mainGroup = 9A8CE73F2A582697001B1228;
			productRefGroup = 9A8CE7492A582697001B1228 /* Products */;
			projectDirPath = "";
			projectRoot = "";
			targets = (
				9A8CE7472A582697001B1228 /* 6homework6m */,
			);
		};
/* End PBXProject section */

/* Begin PBXSourcesBuildPhase section */
		9A8CE7442A582697001B1228 /* Sources */ = {
			isa = PBXSourcesBuildPhase;
			buildActionMask = 2147483647;
			files = (
				9A8CE7622A58276D001B1228 /* Application.swift in Sources */,
				9A8CE7562A5826D2001B1228 /* DIContainer.swift in Sources */,
				9A8CE75A2A582712001B1228 /* ConsoleInputHandler.swift in Sources */,
				9A8CE75E2A582734001B1228 /* InMemoryTaskManager.swift in Sources */,
				9A8CE7642A582779001B1228 /* Logger.swift in Sources */,
				9A8CE7582A5826E6001B1228 /* ConsoleApplication.swift in Sources */,
				9A8CE75C2A58271E001B1228 /* ConsoleLogger.swift in Sources */,
				9A8CE7602A582760001B1228 /* TaskManager.swift in Sources */,
				9A8CE74C2A582697001B1228 /* main.swift in Sources */,
				9A8CE7662A582785001B1228 /* InputHandler.swift in Sources */,
			);
			runOnlyForDeploymentPostprocessing = 0;
		};
/* End PBXSourcesBuildPhase section */

/* Begin XCBuildConfiguration section */
		9A8CE74D2A582697001B1228 /* Debug */ = {
			isa = XCBuildConfiguration;
			buildSettings = {
				ALWAYS_SEARCH_USER_PATHS = NO;
				CLANG_ANALYZER_NONNULL = YES;
				CLANG_ANALYZER_NUMBER_OBJECT_CONVERSION = YES_AGGRESSIVE;
				CLANG_CXX_LANGUAGE_STANDARD = "gnu++20";
				CLANG_ENABLE_MODULES = YES;
				CLANG_ENABLE_OBJC_ARC = YES;
				CLANG_ENABLE_OBJC_WEAK = YES;
				CLANG_WARN_BLOCK_CAPTURE_AUTORELEASING = YES;
				CLANG_WARN_BOOL_CONVERSION = YES;
				CLANG_WARN_COMMA = YES;
				CLANG_WARN_CONSTANT_CONVERSION = YES;
				CLANG_WARN_DEPRECATED_OBJC_IMPLEMENTATIONS = YES;
				CLANG_WARN_DIRECT_OBJC_ISA_USAGE = YES_ERROR;
				CLANG_WARN_DOCUMENTATION_COMMENTS = YES;
				CLANG_WARN_EMPTY_BODY = YES;
				CLANG_WARN_ENUM_CONVERSION = YES;
				CLANG_WARN_INFINITE_RECURSION = YES;
				CLANG_WARN_INT_CONVERSION = YES;
				CLANG_WARN_NON_LITERAL_NULL_CONVERSION = YES;
				CLANG_WARN_OBJC_IMPLICIT_RETAIN_SELF = YES;
				CLANG_WARN_OBJC_LITERAL_CONVERSION = YES;
				CLANG_WARN_OBJC_ROOT_CLASS = YES_ERROR;
				CLANG_WARN_QUOTED_INCLUDE_IN_FRAMEWORK_HEADER = YES;
				CLANG_WARN_RANGE_LOOP_ANALYSIS = YES;
				CLANG_WARN_STRICT_PROTOTYPES = YES;
				CLANG_WARN_SUSPICIOUS_MOVE = YES;
				CLANG_WARN_UNGUARDED_AVAILABILITY = YES_AGGRESSIVE;
				CLANG_WARN_UNREACHABLE_CODE = YES;
				CLANG_WARN__DUPLICATE_METHOD_MATCH = YES;
				COPY_PHASE_STRIP = NO;
				DEBUG_INFORMATION_FORMAT = dwarf;
				ENABLE_STRICT_OBJC_MSGSEND = YES;
				ENABLE_TESTABILITY = YES;
				GCC_C_LANGUAGE_STANDARD = gnu11;
				GCC_DYNAMIC_NO_PIC = NO;
				GCC_NO_COMMON_BLOCKS = YES;
				GCC_OPTIMIZATION_LEVEL = 0;
				GCC_PREPROCESSOR_DEFINITIONS = (
					"DEBUG=1",
					"$(inherited)",
				);
				GCC_WARN_64_TO_32_BIT_CONVERSION = YES;
				GCC_WARN_ABOUT_RETURN_TYPE = YES_ERROR;
				GCC_WARN_UNDECLARED_SELECTOR = YES;
				GCC_WARN_UNINITIALIZED_AUTOS = YES_AGGRESSIVE;
				GCC_WARN_UNUSED_FUNCTION = YES;
				GCC_WARN_UNUSED_VARIABLE = YES;
				MACOSX_DEPLOYMENT_TARGET = 13.3;
				MTL_ENABLE_DEBUG_INFO = INCLUDE_SOURCE;
				MTL_FAST_MATH = YES;
				ONLY_ACTIVE_ARCH = YES;
				SDKROOT = macosx;
				SWIFT_ACTIVE_COMPILATION_CONDITIONS = DEBUG;
				SWIFT_OPTIMIZATION_LEVEL = "-Onone";
			};
			name = Debug;
		};
		9A8CE74E2A582697001B1228 /* Release */ = {
			isa = XCBuildConfiguration;
			buildSettings = {
				ALWAYS_SEARCH_USER_PATHS = NO;
				CLANG_ANALYZER_NONNULL = YES;
				CLANG_ANALYZER_NUMBER_OBJECT_CONVERSION = YES_AGGRESSIVE;
				CLANG_CXX_LANGUAGE_STANDARD = "gnu++20";
				CLANG_ENABLE_MODULES = YES;
				CLANG_ENABLE_OBJC_ARC = YES;
				CLANG_ENABLE_OBJC_WEAK = YES;
				CLANG_WARN_BLOCK_CAPTURE_AUTORELEASING = YES;
				CLANG_WARN_BOOL_CONVERSION = YES;
				CLANG_WARN_COMMA = YES;
				CLANG_WARN_CONSTANT_CONVERSION = YES;
				CLANG_WARN_DEPRECATED_OBJC_IMPLEMENTATIONS = YES;
				CLANG_WARN_DIRECT_OBJC_ISA_USAGE = YES_ERROR;
				CLANG_WARN_DOCUMENTATION_COMMENTS = YES;
				CLANG_WARN_EMPTY_BODY = YES;
				CLANG_WARN_ENUM_CONVERSION = YES;
				CLANG_WARN_INFINITE_RECURSION = YES;
				CLANG_WARN_INT_CONVERSION = YES;
				CLANG_WARN_NON_LITERAL_NULL_CONVERSION = YES;
				CLANG_WARN_OBJC_IMPLICIT_RETAIN_SELF = YES;
				CLANG_WARN_OBJC_LITERAL_CONVERSION = YES;
				CLANG_WARN_OBJC_ROOT_CLASS = YES_ERROR;
				CLANG_WARN_QUOTED_INCLUDE_IN_FRAMEWORK_HEADER = YES;
				CLANG_WARN_RANGE_LOOP_ANALYSIS = YES;
				CLANG_WARN_STRICT_PROTOTYPES = YES;
				CLANG_WARN_SUSPICIOUS_MOVE = YES;
				CLANG_WARN_UNGUARDED_AVAILABILITY = YES_AGGRESSIVE;
				CLANG_WARN_UNREACHABLE_CODE = YES;
				CLANG_WARN__DUPLICATE_METHOD_MATCH = YES;
				COPY_PHASE_STRIP = NO;
				DEBUG_INFORMATION_FORMAT = "dwarf-with-dsym";
				ENABLE_NS_ASSERTIONS = NO;
				ENABLE_STRICT_OBJC_MSGSEND = YES;
				GCC_C_LANGUAGE_STANDARD = gnu11;
				GCC_NO_COMMON_BLOCKS = YES;
				GCC_WARN_64_TO_32_BIT_CONVERSION = YES;
				GCC_WARN_ABOUT_RETURN_TYPE = YES_ERROR;
				GCC_WARN_UNDECLARED_SELECTOR = YES;
				GCC_WARN_UNINITIALIZED_AUTOS = YES_AGGRESSIVE;
				GCC_WARN_UNUSED_FUNCTION = YES;
				GCC_WARN_UNUSED_VARIABLE = YES;
				MACOSX_DEPLOYMENT_TARGET = 13.3;
				MTL_ENABLE_DEBUG_INFO = NO;
				MTL_FAST_MATH = YES;
				SDKROOT = macosx;
				SWIFT_COMPILATION_MODE = wholemodule;
				SWIFT_OPTIMIZATION_LEVEL = "-O";
			};
			name = Release;
		};
		9A8CE7502A582697001B1228 /* Debug */ = {
			isa = XCBuildConfiguration;
			buildSettings = {
				CODE_SIGN_STYLE = Automatic;
				DEVELOPMENT_TEAM = S24JM78SDV;
				ENABLE_HARDENED_RUNTIME = YES;
				PRODUCT_NAME = "$(TARGET_NAME)";
				SWIFT_VERSION = 5.0;
			};
			name = Debug;
		};
		9A8CE7512A582697001B1228 /* Release */ = {
			isa = XCBuildConfiguration;
			buildSettings = {
				CODE_SIGN_STYLE = Automatic;
				DEVELOPMENT_TEAM = S24JM78SDV;
				ENABLE_HARDENED_RUNTIME = YES;
				PRODUCT_NAME = "$(TARGET_NAME)";
				SWIFT_VERSION = 5.0;
			};
			name = Release;
		};
/* End XCBuildConfiguration section */

/* Begin XCConfigurationList section */
		9A8CE7432A582697001B1228 /* Build configuration list for PBXProject "6homework6m" */ = {
			isa = XCConfigurationList;
			buildConfigurations = (
				9A8CE74D2A582697001B1228 /* Debug */,
				9A8CE74E2A582697001B1228 /* Release */,
			);
			defaultConfigurationIsVisible = 0;
			defaultConfigurationName = Release;
		};
		9A8CE74F2A582697001B1228 /* Build configuration list for PBXNativeTarget "6homework6m" */ = {
			isa = XCConfigurationList;
			buildConfigurations = (
				9A8CE7502A582697001B1228 /* Debug */,
				9A8CE7512A582697001B1228 /* Release */,
			);
			defaultConfigurationIsVisible = 0;
			defaultConfigurationName = Release;
		};
/* End XCConfigurationList section */
	};
	rootObject = 9A8CE7402A582697001B1228 /* Project object */;
}
